{
  "name": "core-client-shared",
  "version": "1.0.0",
  "lockfileVersion": 3,
  "requires": true,
  "packages": {
    "": {
      "name": "core-client-shared",
      "version": "1.0.0",
      "license": "ISC",
      "dependencies": {
        "core": "file:../shared"
      }
    },
    "../shared": {
      "version": "1.0.0",
      "license": "ISC"
    },
    "node_modules/core": {
      "resolved": "../shared",
      "link": true
    }
  }
}
