{
  "name": "starbor-shared",
  "version": "1.0.0",
  "lockfileVersion": 2,
  "requires": true,
  "packages": {
    "": {
      "name": "starbor-shared",
      "version": "1.0.0",
      "license": "ISC",
      "dependencies": {
        "core": "file:../../core/shared",
        "jwt": "file:../../jwt/shared",
        "modeling": "file:../../modeling/shared",
        "storage": "file:../../storage/shared",
        "wiki": "file:../../wiki/shared"
      }
    },
    "../../core/shared": {
      "version": "1.0.0",
      "license": "ISC",
      "devDependencies": {
        "chai": "^4.3.10",
        "mocha": "^10.2.0"
      }
    },
    "../../jwt/shared": {
      "version": "1.0.0",
      "license": "ISC",
      "dependencies": {
        "core": "file:../../core/shared",
        "management": "file:../../management/shared",
        "modeling": "file:../../modeling/shared"
      }
    },
    "../../modeling/shared": {
      "version": "1.0.0",
      "license": "ISC",
      "dependencies": {
        "core": "file:../../core/shared"
      },
      "devDependencies": {
        "chai": "^4.3.10",
        "mocha": "^10.2.0"
      }
    },
    "../../modules/core/shared": {
      "extraneous": true
    },
    "../../modules/jwt/shared": {
      "extraneous": true
    },
    "../../modules/modeling/shared": {
      "extraneous": true
    },
    "../../modules/storage/shared": {
      "extraneous": true
    },
    "../../modules/wiki/shared": {
      "extraneous": true
    },
    "../../storage/shared": {
      "version": "1.0.0",
      "license": "ISC",
      "dependencies": {
        "core": "file:../../core/shared",
        "management": "file:../../management/shared",
        "modeling": "file:../../modeling/shared",
        "ressourcing": "file:../../ressourcing"
      }
    },
    "../../wiki/shared": {
      "version": "1.0.0",
      "license": "ISC",
      "dependencies": {
        "core": "file:../../core/shared",
        "modeling": "file:../../modeling/shared"
      }
    },
    "../core": {
      "version": "1.0.0",
      "extraneous": true,
      "license": "ISC"
    },
    "../modules/core": {
      "version": "1.0.0",
      "extraneous": true,
      "license": "ISC"
    },
    "../modules/core/shared": {
      "name": "core",
      "version": "1.0.0",
      "extraneous": true,
      "license": "ISC",
      "devDependencies": {
        "chai": "^4.3.10",
        "mocha": "^10.2.0"
      }
    },
    "../modules/jwt/shared": {
      "name": "jwt",
      "version": "1.0.0",
      "extraneous": true,
      "license": "ISC",
      "dependencies": {
        "core": "file:../../core/shared",
        "management": "file:../../management/shared",
        "modeling": "file:../../modeling/shared"
      }
    },
    "../modules/modeling/shared": {
      "name": "modeling",
      "version": "1.0.0",
      "extraneous": true,
      "license": "ISC",
      "dependencies": {
        "core": "file:../../core/shared"
      },
      "devDependencies": {
        "chai": "^4.3.10",
        "mocha": "^10.2.0"
      }
    },
    "../modules/storage/shared": {
      "name": "storage",
      "version": "1.0.0",
      "extraneous": true,
      "license": "ISC",
      "dependencies": {
        "core": "file:../../core/shared",
        "management": "file:../../management/shared",
        "modeling": "file:../../modeling/shared",
        "ressourcing": "file:../../ressourcing"
      }
    },
    "../modules/wiki/shared": {
      "name": "wiki",
      "version": "1.0.0",
      "extraneous": true,
      "license": "ISC",
      "dependencies": {
        "core": "file:../../core/shared",
        "modeling": "file:../../modeling/shared"
      }
    },
    "node_modules/core": {
      "resolved": "../../core/shared",
      "link": true
    },
    "node_modules/jwt": {
      "resolved": "../../jwt/shared",
      "link": true
    },
    "node_modules/modeling": {
      "resolved": "../../modeling/shared",
      "link": true
    },
    "node_modules/storage": {
      "resolved": "../../storage/shared",
      "link": true
    },
    "node_modules/wiki": {
      "resolved": "../../wiki/shared",
      "link": true
    }
  },
  "dependencies": {
    "core": {
      "version": "file:../../core/shared",
      "requires": {
        "chai": "^4.3.10",
        "mocha": "^10.2.0"
      }
    },
    "jwt": {
      "version": "file:../../jwt/shared",
      "requires": {
        "core": "file:../../core/shared",
        "management": "file:../../management/shared",
        "modeling": "file:../../modeling/shared"
      }
    },
    "modeling": {
      "version": "file:../../modeling/shared",
      "requires": {
        "chai": "^4.3.10",
        "core": "file:../../core/shared",
        "mocha": "^10.2.0"
      }
    },
    "storage": {
      "version": "file:../../storage/shared",
      "requires": {
        "core": "file:../../core/shared",
        "management": "file:../../management/shared",
        "modeling": "file:../../modeling/shared",
        "ressourcing": "file:../../ressourcing"
      }
    },
    "wiki": {
      "version": "file:../../wiki/shared",
      "requires": {
        "core": "file:../../core/shared",
        "modeling": "file:../../modeling/shared"
      }
    }
  }
}
