{
  "name": "wiki",
  "version": "1.0.0",
  "lockfileVersion": 3,
  "requires": true,
  "packages": {
    "": {
      "name": "wiki",
      "version": "1.0.0",
      "license": "ISC",
      "dependencies": {
        "core": "file:../../core/shared",
        "modeling": "file:../../modeling/shared"
      }
    },
    "../../core/shared": {
      "name": "core",
      "version": "1.0.0",
      "license": "ISC"
    },
    "../../modeling/shared": {
      "name": "modeling",
      "version": "1.0.0",
      "license": "ISC",
      "dependencies": {
        "core": "file:../../core/shared"
      }
    },
    "node_modules/core": {
      "resolved": "../../core/shared",
      "link": true
    },
    "node_modules/modeling": {
      "resolved": "../../modeling/shared",
      "link": true
    }
  }
}
