{
  "name": "jwt",
  "version": "1.0.0",
  "lockfileVersion": 3,
  "requires": true,
  "packages": {
    "": {
      "name": "jwt",
      "version": "1.0.0",
      "license": "ISC",
      "dependencies": {
        "core": "file:../../core/shared",
        "management": "file:../../management/shared",
        "modeling": "file:../../modeling/shared"
      }
    },
    "../../core/shared": {
      "name": "core",
      "version": "1.0.0",
      "license": "ISC",
      "devDependencies": {
        "chai": "^4.3.10",
        "mocha": "^10.2.0"
      }
    },
    "../../management/shared": {
      "name": "management",
      "version": "1.0.0",
      "license": "ISC",
      "dependencies": {
        "core": "file:../../core/shared",
        "modeling": "file:../../modeling/shared",
        "wiki": "file:../../wiki/shared"
      }
    },
    "../../modeling/shared": {
      "name": "modeling",
      "version": "1.0.0",
      "license": "ISC",
      "dependencies": {
        "core": "file:../../core/shared"
      },
      "devDependencies": {
        "chai": "^4.3.10",
        "mocha": "^10.2.0"
      }
    },
    "../../processing/server": {
      "name": "processing-server",
      "version": "1.0.0",
      "extraneous": true,
      "license": "ISC",
      "dependencies": {
        "core-server": "file:../../core/server",
        "express": "^4.18.2",
        "modeling": "file:../../modeling/shared"
      }
    },
    "node_modules/core": {
      "resolved": "../../core/shared",
      "link": true
    },
    "node_modules/management": {
      "resolved": "../../management/shared",
      "link": true
    },
    "node_modules/modeling": {
      "resolved": "../../modeling/shared",
      "link": true
    }
  }
}
