{
  "name": "storage-client",
  "version": "1.0.0",
  "lockfileVersion": 3,
  "requires": true,
  "packages": {
    "": {
      "name": "storage-client",
      "version": "1.0.0",
      "license": "ISC",
      "dependencies": {
        "modeling-client": "file:../../modeling/client",
        "storage": "file:../shared"
      }
    },
    "../../modeling/client": {
      "version": "1.0.0",
      "license": "ISC",
      "dependencies": {
        "core": "file:../../core/shared",
        "core-client": "file:../../core/client",
        "modeling": "file:../shared"
      }
    },
    "../../processing/client": {
      "version": "1.0.0",
      "extraneous": true,
      "license": "ISC",
      "dependencies": {
        "axios": "^1.5.1",
        "core": "file:../../core/shared",
        "core-client": "file:../../core/client",
        "hedera": "file:../../hedera",
        "modeling": "file:../../modeling/shared",
        "modeling-client": "file:../../modeling/client",
        "modeling-client-shared": "file:../../modeling/client-shared",
        "processing": "file:../shared"
      }
    },
    "../shared": {
      "name": "storage",
      "version": "1.0.0",
      "license": "ISC",
      "dependencies": {
        "core": "file:../../core/shared",
        "management": "file:../../management/shared",
        "modeling": "file:../../modeling/shared",
        "ressourcing": "file:../../ressourcing"
      }
    },
    "node_modules/modeling-client": {
      "resolved": "../../modeling/client",
      "link": true
    },
    "node_modules/storage": {
      "resolved": "../shared",
      "link": true
    }
  }
}
