{
  "name": "management-client",
  "version": "1.0.0",
  "lockfileVersion": 3,
  "requires": true,
  "packages": {
    "": {
      "name": "management-client",
      "version": "1.0.0",
      "license": "ISC",
      "dependencies": {
        "management": "file:../shared",
        "modeling-client": "file:../../modeling/client"
      }
    },
    "../../modeling/client": {
      "name": "modeling-client",
      "version": "1.0.0",
      "license": "ISC",
      "dependencies": {
        "axios": "^1.6.5",
        "core": "file:../../core/shared",
        "core-client": "file:../../core/client",
        "modeling": "file:../shared"
      }
    },
    "../shared": {
      "name": "management",
      "version": "1.0.0",
      "license": "ISC",
      "dependencies": {
        "core": "file:../../core/shared",
        "modeling": "file:../../modeling/shared",
        "wiki": "file:../../wiki/shared"
      }
    },
    "node_modules/management": {
      "resolved": "../shared",
      "link": true
    },
    "node_modules/modeling-client": {
      "resolved": "../../modeling/client",
      "link": true
    }
  }
}
