{
  "name": "starbor-server",
  "version": "1.0.0",
  "lockfileVersion": 3,
  "requires": true,
  "packages": {
    "": {
      "name": "starbor-server",
      "version": "1.0.0",
      "license": "ISC",
      "dependencies": {
        "core": "file:../../core",
        "core-server": "file:../../core-server",
        "management": "file:../../management/shared",
        "modeling": "file:../../modeling/shared",
        "ressourcing": "file:../../ressourcing",
        "starbor": "file:../shared",
        "storage": "file:../../storage/shared"
      }
    },
    "../../core": {},
    "../../core-server": {},
    "../../management/shared": {
      "name": "management",
      "version": "1.0.0",
      "license": "ISC",
      "dependencies": {
        "core": "file:../../core/shared",
        "modeling": "file:../../modeling/shared",
        "wiki": "file:../../wiki/shared"
      }
    },
    "../../modeling/shared": {
      "name": "modeling",
      "version": "1.0.0",
      "license": "ISC",
      "dependencies": {
        "core": "file:../../core/shared"
      },
      "devDependencies": {
        "chai": "^4.3.10",
        "mocha": "^10.2.0"
      }
    },
    "../../ressourcing": {
      "version": "1.0.0",
      "license": "ISC",
      "dependencies": {
        "core": "file:../core/shared",
        "management": "file:../management/shared",
        "modeling": "file:../modeling/shared"
      }
    },
    "../../storage/shared": {
      "name": "storage",
      "version": "1.0.0",
      "license": "ISC",
      "dependencies": {
        "core": "file:../../core/shared",
        "management": "file:../../management/shared",
        "modeling": "file:../../modeling/shared",
        "ressourcing": "file:../../ressourcing"
      }
    },
    "../shared": {
      "name": "starbor",
      "version": "1.0.0",
      "license": "ISC",
      "dependencies": {
        "core": "file:../../core/shared",
        "jwt": "file:../../jwt/shared",
        "modeling": "file:../../modeling/shared",
        "storage": "file:../../storage/shared",
        "wiki": "file:../../wiki/shared"
      }
    },
    "node_modules/core": {
      "resolved": "../../core",
      "link": true
    },
    "node_modules/core-server": {
      "resolved": "../../core-server",
      "link": true
    },
    "node_modules/management": {
      "resolved": "../../management/shared",
      "link": true
    },
    "node_modules/modeling": {
      "resolved": "../../modeling/shared",
      "link": true
    },
    "node_modules/ressourcing": {
      "resolved": "../../ressourcing",
      "link": true
    },
    "node_modules/starbor": {
      "resolved": "../shared",
      "link": true
    },
    "node_modules/storage": {
      "resolved": "../../storage/shared",
      "link": true
    }
  }
}
