{
  "name": "hedera",
  "version": "1.0.0",
  "lockfileVersion": 2,
  "requires": true,
  "packages": {
    "": {
      "name": "hedera",
      "version": "1.0.0",
      "license": "ISC",
      "dependencies": {
        "core": "file:../core/shared",
        "core-client": "file:../core-client"
      }
    },
    "../core": {
      "version": "1.0.0",
      "license": "ISC"
    },
    "../core-client": {
      "version": "1.0.0",
      "license": "ISC",
      "dependencies": {
        "core": "file:../core"
      },
      "devDependencies": {
        "chai": "^4.3.7",
        "mocha": "^10.2.0"
      }
    },
    "../core/shared": {
      "name": "core",
      "version": "1.0.0",
      "license": "ISC",
      "devDependencies": {
        "chai": "^4.3.10",
        "mocha": "^10.2.0"
      }
    },
    "node_modules/core": {
      "resolved": "../core/shared",
      "link": true
    },
    "node_modules/core-client": {
      "resolved": "../core-client",
      "link": true
    }
  },
  "dependencies": {
    "core": {
      "version": "file:../core/shared",
      "requires": {
        "chai": "^4.3.10",
        "mocha": "^10.2.0"
      }
    },
    "core-client": {
      "version": "file:../core-client",
      "requires": {
        "chai": "^4.3.7",
        "core": "file:../core",
        "mocha": "^10.2.0"
      }
    }
  }
}
