{
  "name": "processing-hedera",
  "version": "1.0.0",
  "lockfileVersion": 3,
  "requires": true,
  "packages": {
    "": {
      "name": "processing-hedera",
      "version": "1.0.0",
      "license": "ISC",
      "dependencies": {
        "core": "file:../../core/shared",
        "processing": "file:../shared"
      }
    },
    "../../core/shared": {
      "version": "1.0.0",
      "license": "ISC",
      "devDependencies": {
        "chai": "^4.3.10",
        "mocha": "^10.2.0"
      }
    },
    "../shared": {
      "name": "processing",
      "version": "1.0.0",
      "license": "ISC",
      "dependencies": {
        "core": "file:../../core/shared",
        "modeling": "file:../../modeling/shared"
      }
    },
    "node_modules/core": {
      "resolved": "../../core/shared",
      "link": true
    },
    "node_modules/processing": {
      "resolved": "../shared",
      "link": true
    }
  }
}
