{
  "name": "star-citizen-universe",
  "version": "1.0.0",
  "lockfileVersion": 2,
  "requires": true,
  "packages": {
    "": {
      "name": "star-citizen-universe",
      "version": "1.0.0",
      "license": "ISC",
      "dependencies": {
        "core": "file:../modules/core/shared",
        "core-server": "file:../modules/core/server",
        "jwt": "file:../modules/jwt/shared",
        "jwt-server": "file:../modules/jwt/server",
        "management": "file:../modules/management/shared",
        "management-server": "file:../modules/management/server",
        "modeling": "file:../modules/modeling/shared",
        "modeling-server": "file:../modules/modeling/server",
        "mongo": "file:../modules/mongo",
        "processing-server": "file:../modules/processing/server",
        "shared": "file:../shared",
        "storage": "file:../modules/storage/shared",
        "storage-server": "file:../modules/storage/server"
      }
    },
    "../core": {
      "version": "1.0.0",
      "extraneous": true,
      "license": "ISC"
    },
    "../modules/core": {
      "version": "1.0.0",
      "license": "ISC"
    },
    "../modules/core-server": {
      "version": "1.0.0",
      "extraneous": true,
      "license": "ISC",
      "dependencies": {
        "core": "file:../core",
        "nanoid": "^3.3.6"
      }
    },
    "../modules/core/server": {
      "name": "core-server",
      "version": "1.0.0",
      "license": "ISC",
      "dependencies": {
        "body-parser": "^1.20.2",
        "cookie-parser": "^1.4.6",
        "core": "file:../shared",
        "cors": "^2.8.5",
        "express": "^4.18.2"
      }
    },
    "../modules/core/shared": {
      "name": "core",
      "version": "1.0.0",
      "license": "ISC",
      "devDependencies": {
        "chai": "^4.3.10",
        "mocha": "^10.2.0"
      }
    },
    "../modules/jwt/server": {
      "name": "jwt-server",
      "version": "1.0.0",
      "license": "ISC",
      "dependencies": {
        "core": "file:../../core/shared",
        "core-server": "file:../../core/server",
        "jsonwebtoken": "^9.0.2",
        "jwt": "file:../shared",
        "management": "file:../../management/shared",
        "management-server": "file:../../management/server",
        "modeling": "file:../modeling/shared",
        "moment": "^2.29.4",
        "processing-server": "file:../../processing/server"
      }
    },
    "../modules/jwt/shared": {
      "name": "jwt",
      "version": "1.0.0",
      "license": "ISC",
      "dependencies": {
        "core": "file:../../core/shared",
        "management": "file:../../management/shared",
        "modeling": "file:../../modeling/shared"
      }
    },
    "../modules/management/server": {
      "name": "management-server",
      "version": "1.0.0",
      "license": "ISC",
      "dependencies": {
        "bcrypt": "^5.1.1",
        "core": "file:../../core",
        "core-server": "file:../../core-server",
        "express": "^4.18.2",
        "management": "file:../shared",
        "moment": "^2.29.4",
        "nanoid": "^3.3.6"
      }
    },
    "../modules/management/shared": {
      "version": "1.0.0",
      "license": "ISC",
      "dependencies": {
        "core": "file:../../core/shared",
        "modeling": "file:../../modeling/shared",
        "wiki": "file:../../wiki/shared"
      }
    },
    "../modules/modeling/server": {
      "name": "modeling-server",
      "version": "1.0.0",
      "license": "ISC"
    },
    "../modules/modeling/shared": {
      "name": "modeling",
      "version": "1.0.0",
      "license": "ISC",
      "dependencies": {
        "core": "file:../../core/shared"
      },
      "devDependencies": {
        "chai": "^4.3.10",
        "mocha": "^10.2.0"
      }
    },
    "../modules/mongo": {
      "version": "1.0.0",
      "license": "ISC",
      "dependencies": {
        "core": "file:../core/shared",
        "modeling": "file:../modeling/shared",
        "mongodb": "^6.1.0",
        "nanoid": "^3.3.6",
        "processing": "file:../processing/shared"
      }
    },
    "../modules/processing-mongo": {
      "version": "1.0.0",
      "extraneous": true,
      "license": "ISC",
      "dependencies": {
        "core": "file:../core",
        "nanoid": "^3.3.6"
      }
    },
    "../modules/processing/server": {
      "name": "processing-server",
      "version": "1.0.0",
      "license": "ISC",
      "dependencies": {
        "core-server": "file:../../core/server",
        "express": "^4.18.2",
        "modeling": "file:../../modeling/shared"
      }
    },
    "../modules/storage/server": {
      "name": "storage-server",
      "version": "1.0.0",
      "license": "ISC",
      "dependencies": {
        "core": "file:../../core/shared",
        "core-server": "file:../../core/server",
        "express-fileupload": "^1.4.1",
        "mongo": "file:../../mongo",
        "storage": "file:../shared"
      }
    },
    "../modules/storage/shared": {
      "name": "storage",
      "version": "1.0.0",
      "license": "ISC",
      "dependencies": {
        "core": "file:../../core/shared",
        "management": "file:../../management/shared",
        "modeling": "file:../../modeling/shared"
      }
    },
    "../processing-mongo": {
      "version": "1.0.0",
      "extraneous": true,
      "license": "ISC",
      "dependencies": {
        "core": "file:../core",
        "nanoid": "^3.3.6"
      }
    },
    "../shared": {
      "version": "1.0.0",
      "license": "ISC",
      "dependencies": {
        "core": "file:../modules/core/shared",
        "jwt": "file:../modules/jwt/shared",
        "modeling": "file:../modules/modeling/shared",
        "storage": "file:../modules/storage/shared",
        "wiki": "file:../modules/wiki/shared"
      }
    },
    "node_modules/core": {
      "resolved": "../modules/core/shared",
      "link": true
    },
    "node_modules/core-server": {
      "resolved": "../modules/core/server",
      "link": true
    },
    "node_modules/jwt": {
      "resolved": "../modules/jwt/shared",
      "link": true
    },
    "node_modules/jwt-server": {
      "resolved": "../modules/jwt/server",
      "link": true
    },
    "node_modules/management": {
      "resolved": "../modules/management/shared",
      "link": true
    },
    "node_modules/management-server": {
      "resolved": "../modules/management/server",
      "link": true
    },
    "node_modules/modeling": {
      "resolved": "../modules/modeling/shared",
      "link": true
    },
    "node_modules/modeling-server": {
      "resolved": "../modules/modeling/server",
      "link": true
    },
    "node_modules/mongo": {
      "resolved": "../modules/mongo",
      "link": true
    },
    "node_modules/processing-server": {
      "resolved": "../modules/processing/server",
      "link": true
    },
    "node_modules/shared": {
      "resolved": "../shared",
      "link": true
    },
    "node_modules/storage": {
      "resolved": "../modules/storage/shared",
      "link": true
    },
    "node_modules/storage-server": {
      "resolved": "../modules/storage/server",
      "link": true
    }
  },
  "dependencies": {
    "core": {
      "version": "file:../modules/core/shared",
      "requires": {
        "chai": "^4.3.10",
        "mocha": "^10.2.0"
      }
    },
    "core-server": {
      "version": "file:../modules/core/server",
      "requires": {
        "body-parser": "^1.20.2",
        "cookie-parser": "^1.4.6",
        "core": "file:../shared",
        "cors": "^2.8.5",
        "express": "^4.18.2"
      }
    },
    "jwt": {
      "version": "file:../modules/jwt/shared",
      "requires": {
        "core": "file:../../core/shared",
        "management": "file:../../management/shared",
        "modeling": "file:../../modeling/shared"
      }
    },
    "jwt-server": {
      "version": "file:../modules/jwt/server",
      "requires": {
        "core": "file:../../core/shared",
        "core-server": "file:../../core/server",
        "jsonwebtoken": "^9.0.2",
        "jwt": "file:../shared",
        "management": "file:../../management/shared",
        "management-server": "file:../../management/server",
        "modeling": "file:../modeling/shared",
        "moment": "^2.29.4",
        "processing-server": "file:../../processing/server"
      }
    },
    "management": {
      "version": "file:../modules/management/shared",
      "requires": {
        "core": "file:../../core/shared",
        "modeling": "file:../../modeling/shared",
        "wiki": "file:../../wiki/shared"
      }
    },
    "management-server": {
      "version": "file:../modules/management/server",
      "requires": {
        "bcrypt": "^5.1.1",
        "core": "file:../../core",
        "core-server": "file:../../core-server",
        "express": "^4.18.2",
        "management": "file:../shared",
        "moment": "^2.29.4",
        "nanoid": "^3.3.6"
      }
    },
    "modeling": {
      "version": "file:../modules/modeling/shared",
      "requires": {
        "chai": "^4.3.10",
        "core": "file:../../core/shared",
        "mocha": "^10.2.0"
      }
    },
    "modeling-server": {
      "version": "file:../modules/modeling/server"
    },
    "mongo": {
      "version": "file:../modules/mongo",
      "requires": {
        "core": "file:../core/shared",
        "modeling": "file:../modeling/shared",
        "mongodb": "^6.1.0",
        "nanoid": "^3.3.6",
        "processing": "file:../processing/shared"
      }
    },
    "processing-server": {
      "version": "file:../modules/processing/server",
      "requires": {
        "core-server": "file:../../core/server",
        "express": "^4.18.2",
        "modeling": "file:../../modeling/shared"
      }
    },
    "shared": {
      "version": "file:../shared",
      "requires": {
        "core": "file:../modules/core/shared",
        "jwt": "file:../modules/jwt/shared",
        "modeling": "file:../modules/modeling/shared",
        "storage": "file:../modules/storage/shared",
        "wiki": "file:../modules/wiki/shared"
      }
    },
    "storage": {
      "version": "file:../modules/storage/shared",
      "requires": {
        "core": "file:../../core/shared",
        "management": "file:../../management/shared",
        "modeling": "file:../../modeling/shared"
      }
    },
    "storage-server": {
      "version": "file:../modules/storage/server",
      "requires": {
        "core": "file:../../core/shared",
        "core-server": "file:../../core/server",
        "express-fileupload": "^1.4.1",
        "mongo": "file:../../mongo",
        "storage": "file:../shared"
      }
    }
  }
}
