{
  "name": "modeling-hedera",
  "version": "1.0.0",
  "lockfileVersion": 3,
  "requires": true,
  "packages": {
    "": {
      "name": "modeling-hedera",
      "version": "1.0.0",
      "license": "ISC",
      "dependencies": {
        "core": "file:../../core/shared",
        "core-client": "file:../../core/client",
        "hedera": "file:../../hedera",
        "modeling": "file:../shared",
        "modeling-client": "file:../client",
        "processing": "file:../../processing/shared"
      }
    },
    "../../core/client": {
      "version": "1.0.0",
      "license": "ISC",
      "dependencies": {
        "core": "file:../shared"
      }
    },
    "../../core/shared": {
      "name": "core",
      "version": "1.0.0",
      "license": "ISC"
    },
    "../../hedera": {
      "version": "1.0.0",
      "license": "ISC",
      "dependencies": {
        "core": "file:../core/shared",
        "core-client": "file:../core-client"
      }
    },
    "../../processing/shared": {
      "name": "processing",
      "version": "1.0.0",
      "license": "ISC",
      "dependencies": {
        "core": "file:../../core/shared",
        "modeling": "file:../../modeling/shared"
      }
    },
    "../client": {
      "name": "modeling-client",
      "version": "1.0.0",
      "license": "ISC",
      "dependencies": {
        "core": "file:../../core/shared",
        "core-client": "file:../../core/client",
        "modeling": "file:../shared"
      }
    },
    "../client-shared": {
      "name": "modeling-client-shared",
      "version": "1.0.0",
      "extraneous": true,
      "license": "ISC",
      "dependencies": {
        "core": "file:../../core/shared",
        "core-client-shared": "file:../../core/client-shared",
        "modeling": "file:../shared"
      }
    },
    "../core": {
      "version": "1.0.0",
      "extraneous": true,
      "license": "ISC"
    },
    "../shared": {
      "name": "modeling",
      "version": "1.0.0",
      "license": "ISC",
      "dependencies": {
        "core": "file:../../core/shared"
      }
    },
    "node_modules/core": {
      "resolved": "../../core/shared",
      "link": true
    },
    "node_modules/core-client": {
      "resolved": "../../core/client",
      "link": true
    },
    "node_modules/hedera": {
      "resolved": "../../hedera",
      "link": true
    },
    "node_modules/modeling": {
      "resolved": "../shared",
      "link": true
    },
    "node_modules/modeling-client": {
      "resolved": "../client",
      "link": true
    },
    "node_modules/processing": {
      "resolved": "../../processing/shared",
      "link": true
    }
  }
}
