{
  "name": "a",
  "version": "1.0.0",
  "lockfileVersion": 3,
  "requires": true,
  "packages": {
    "": {
      "name": "a",
      "version": "1.0.0",
      "license": "ISC",
      "dependencies": {
        "c": "file:../c"
      }
    },
    "../c": {
      "version": "1.0.0",
      "license": "ISC"
    },
    "node_modules/c": {
      "resolved": "../c",
      "link": true
    }
  }
}
