{
  "name": "shared",
  "version": "1.0.0",
  "lockfileVersion": 2,
  "requires": true,
  "packages": {
    "": {
      "name": "shared",
      "version": "1.0.0",
      "license": "ISC",
      "dependencies": {
        "core": "file:../modules/core/shared",
        "modeling": "file:../modules/modeling/shared",
        "storage": "file:../modules/storage/shared"
      }
    },
    "../core": {
      "version": "1.0.0",
      "extraneous": true,
      "license": "ISC"
    },
    "../modules/core": {
      "version": "1.0.0",
      "license": "ISC"
    },
    "../modules/core/shared": {
      "name": "core",
      "version": "1.0.0",
      "license": "ISC"
    },
    "../modules/modeling/shared": {
      "name": "modeling",
      "version": "1.0.0",
      "license": "ISC",
      "dependencies": {
        "core": "file:../../core/shared"
      }
    },
    "../modules/storage/shared": {
      "name": "storage",
      "version": "1.0.0",
      "license": "ISC",
      "dependencies": {
        "core": "file:../../core",
        "management": "file:../../management/shared",
        "modeling": "file:../../modeling/shared"
      }
    },
    "node_modules/core": {
      "resolved": "../modules/core/shared",
      "link": true
    },
    "node_modules/modeling": {
      "resolved": "../modules/modeling/shared",
      "link": true
    },
    "node_modules/storage": {
      "resolved": "../modules/storage/shared",
      "link": true
    }
  },
  "dependencies": {
    "core": {
      "version": "file:../modules/core/shared"
    },
    "modeling": {
      "version": "file:../modules/modeling/shared",
      "requires": {
        "core": "file:../../core/shared"
      }
    },
    "storage": {
      "version": "file:../modules/storage/shared",
      "requires": {
        "core": "file:../../core",
        "management": "file:../../management/shared",
        "modeling": "file:../../modeling/shared"
      }
    }
  }
}
