{
  "name": "hedera",
  "version": "1.0.0",
  "lockfileVersion": 2,
  "requires": true,
  "packages": {
    "": {
      "name": "hedera",
      "version": "1.0.0",
      "license": "ISC",
      "dependencies": {
        "core": "file:../core"
      }
    },
    "../core": {
      "version": "1.0.0",
      "license": "ISC"
    },
    "node_modules/core": {
      "resolved": "../core",
      "link": true
    }
  },
  "dependencies": {
    "core": {
      "version": "file:../core"
    }
  }
}
